
Microsoft Visual Studio Solution File, Format Version 12.00
# Visual Studio 15
VisualStudioVersion = 15.0.28307.572
MinimumVisualStudioVersion = 10.0.40219.1
Project("{8BC9CEB8-8B4A-11D0-8D11-00A0C91BC942}") = "mstscdump", "mstscdump\mstscdump.vcxproj", "{52C74D9F-C055-4AEB-9972-D443F114805F}"
EndProject
Project("{8BC9CEB8-8B4A-11D0-8D11-00A0C91BC942}") = "mstschook", "mstschook\mstschook.vcxproj", "{879BC406-82C3-49D8-8C72-0F8B97C04CD1}"
EndProject
Global
	GlobalSection(SolutionConfigurationPlatforms) = preSolution
		Debug|x64 = Debug|x64
		Debug|x86 = Debug|x86
		Release|x64 = Release|x64
		Release|x86 = Release|x86
	EndGlobalSection
	GlobalSection(ProjectConfigurationPlatforms) = postSolution
		{52C74D9F-C055-4AEB-9972-D443F114805F}.Debug|x64.ActiveCfg = Debug|x64
		{52C74D9F-C055-4AEB-9972-D443F114805F}.Debug|x64.Build.0 = Debug|x64
		{52C74D9F-C055-4AEB-9972-D443F114805F}.Debug|x86.ActiveCfg = Debug|Win32
		{52C74D9F-C055-4AEB-9972-D443F114805F}.Debug|x86.Build.0 = Debug|Win32
		{52C74D9F-C055-4AEB-9972-D443F114805F}.Release|x64.ActiveCfg = Release|x64
		{52C74D9F-C055-4AEB-9972-D443F114805F}.Release|x64.Build.0 = Release|x64
		{52C74D9F-C055-4AEB-9972-D443F114805F}.Release|x86.ActiveCfg = Release|Win32
		{52C74D9F-C055-4AEB-9972-D443F114805F}.Release|x86.Build.0 = Release|Win32
		{879BC406-82C3-49D8-8C72-0F8B97C04CD1}.Debug|x64.ActiveCfg = Debug|x64
		{879BC406-82C3-49D8-8C72-0F8B97C04CD1}.Debug|x64.Build.0 = Debug|x64
		{879BC406-82C3-49D8-8C72-0F8B97C04CD1}.Debug|x86.ActiveCfg = Debug|Win32
		{879BC406-82C3-49D8-8C72-0F8B97C04CD1}.Debug|x86.Build.0 = Debug|Win32
		{879BC406-82C3-49D8-8C72-0F8B97C04CD1}.Release|x64.ActiveCfg = Release|x64
		{879BC406-82C3-49D8-8C72-0F8B97C04CD1}.Release|x64.Build.0 = Release|x64
		{879BC406-82C3-49D8-8C72-0F8B97C04CD1}.Release|x86.ActiveCfg = Release|Win32
		{879BC406-82C3-49D8-8C72-0F8B97C04CD1}.Release|x86.Build.0 = Release|Win32
	EndGlobalSection
	GlobalSection(SolutionProperties) = preSolution
		HideSolutionNode = FALSE
	EndGlobalSection
	GlobalSection(ExtensibilityGlobals) = postSolution
		SolutionGuid = {362406B8-A736-40C1-BC43-E2CE59C1D3CE}
	EndGlobalSection
EndGlobal
